Microsoft Visual Studio Solution File, Format Version 12.00
# Visual Studio Version 17
VisualStudioVersion = 17.5.2.0
MinimumVisualStudioVersion = 10.0.40219.1
Project("{FAE04EC0-301F-11D3-BF4B-00C04F79EFBC}") = "Falcon.Templates", "Falcon.Templates.csproj", "{9D569645-7865-60C0-B0C3-7867B1618605}"
EndProject
Project("{2150E333-8FDC-42A3-9474-1A3956D46DE8}") = "templates", "templates", "{808186BE-9BD0-DD1D-D574-36EEAD1E7F8F}"
EndProject
Project("{FAE04EC0-301F-11D3-BF4B-00C04F79EFBC}") = "Falcon.Console.Template", "templates\Falcon.Console.Template\Falcon.Console.Template.csproj", "{A2E18880-4814-7B46-8345-EF07B1F036C4}"
EndProject
Project("{FAE04EC0-301F-11D3-BF4B-00C04F79EFBC}") = "Falcon.WebApi.Template", "templates\Falcon.WebApi.Template\Falcon.WebApi.Template.csproj", "{93B6F595-8543-8910-B311-2C6B5F39EC66}"
EndProject
Global
	GlobalSection(SolutionConfigurationPlatforms) = preSolution
		Debug|Any CPU = Debug|Any CPU
		Release|Any CPU = Release|Any CPU
	EndGlobalSection
	GlobalSection(ProjectConfigurationPlatforms) = postSolution
		{9D569645-7865-60C0-B0C3-7867B1618605}.Debug|Any CPU.ActiveCfg = Debug|Any CPU
		{9D569645-7865-60C0-B0C3-7867B1618605}.Debug|Any CPU.Build.0 = Debug|Any CPU
		{9D569645-7865-60C0-B0C3-7867B1618605}.Release|Any CPU.ActiveCfg = Release|Any CPU
		{9D569645-7865-60C0-B0C3-7867B1618605}.Release|Any CPU.Build.0 = Release|Any CPU
		{A2E18880-4814-7B46-8345-EF07B1F036C4}.Debug|Any CPU.ActiveCfg = Debug|Any CPU
		{A2E18880-4814-7B46-8345-EF07B1F036C4}.Debug|Any CPU.Build.0 = Debug|Any CPU
		{A2E18880-4814-7B46-8345-EF07B1F036C4}.Release|Any CPU.ActiveCfg = Release|Any CPU
		{A2E18880-4814-7B46-8345-EF07B1F036C4}.Release|Any CPU.Build.0 = Release|Any CPU
		{93B6F595-8543-8910-B311-2C6B5F39EC66}.Debug|Any CPU.ActiveCfg = Debug|Any CPU
		{93B6F595-8543-8910-B311-2C6B5F39EC66}.Debug|Any CPU.Build.0 = Debug|Any CPU
		{93B6F595-8543-8910-B311-2C6B5F39EC66}.Release|Any CPU.ActiveCfg = Release|Any CPU
		{93B6F595-8543-8910-B311-2C6B5F39EC66}.Release|Any CPU.Build.0 = Release|Any CPU
	EndGlobalSection
	GlobalSection(SolutionProperties) = preSolution
		HideSolutionNode = FALSE
	EndGlobalSection
	GlobalSection(NestedProjects) = preSolution
		{A2E18880-4814-7B46-8345-EF07B1F036C4} = {808186BE-9BD0-DD1D-D574-36EEAD1E7F8F}
		{93B6F595-8543-8910-B311-2C6B5F39EC66} = {808186BE-9BD0-DD1D-D574-36EEAD1E7F8F}
	EndGlobalSection
	GlobalSection(ExtensibilityGlobals) = postSolution
		SolutionGuid = {7CD009EF-D304-4D95-9419-C050C6335BAB}
	EndGlobalSection
EndGlobal
